
Microsoft Visual Studio Solution File, Format Version 12.00
# Visual Studio Version 17
VisualStudioVersion = 17.5.33530.505
MinimumVisualStudioVersion = 10.0.40219.1
Project("{8BC9CEB8-8B4A-11D0-8D11-00A0C91BC942}") = "FirstPractice", "FirstPractice\FirstPractice.vcxproj", "{CACC80E7-2FA4-46B8-BF5D-E912514470BC}"
EndProject
Global
	GlobalSection(SolutionConfigurationPlatforms) = preSolution
		Debug|ARM = Debug|ARM
		Debug|ARM64 = Debug|ARM64
		Debug|x64 = Debug|x64
		Debug|x86 = Debug|x86
		Release|ARM = Release|ARM
		Release|ARM64 = Release|ARM64
		Release|x64 = Release|x64
		Release|x86 = Release|x86
	EndGlobalSection
	GlobalSection(ProjectConfigurationPlatforms) = postSolution
		{CACC80E7-2FA4-46B8-BF5D-E912514470BC}.Debug|ARM.ActiveCfg = Debug|ARM
		{CACC80E7-2FA4-46B8-BF5D-E912514470BC}.Debug|ARM.Build.0 = Debug|ARM
		{CACC80E7-2FA4-46B8-BF5D-E912514470BC}.Debug|ARM64.ActiveCfg = Debug|ARM64
		{CACC80E7-2FA4-46B8-BF5D-E912514470BC}.Debug|ARM64.Build.0 = Debug|ARM64
		{CACC80E7-2FA4-46B8-BF5D-E912514470BC}.Debug|x64.ActiveCfg = Debug|x64
		{CACC80E7-2FA4-46B8-BF5D-E912514470BC}.Debug|x64.Build.0 = Debug|x64
		{CACC80E7-2FA4-46B8-BF5D-E912514470BC}.Debug|x86.ActiveCfg = Debug|x86
		{CACC80E7-2FA4-46B8-BF5D-E912514470BC}.Debug|x86.Build.0 = Debug|x86
		{CACC80E7-2FA4-46B8-BF5D-E912514470BC}.Release|ARM.ActiveCfg = Release|ARM
		{CACC80E7-2FA4-46B8-BF5D-E912514470BC}.Release|ARM.Build.0 = Release|ARM
		{CACC80E7-2FA4-46B8-BF5D-E912514470BC}.Release|ARM64.ActiveCfg = Release|ARM64
		{CACC80E7-2FA4-46B8-BF5D-E912514470BC}.Release|ARM64.Build.0 = Release|ARM64
		{CACC80E7-2FA4-46B8-BF5D-E912514470BC}.Release|x64.ActiveCfg = Release|x64
		{CACC80E7-2FA4-46B8-BF5D-E912514470BC}.Release|x64.Build.0 = Release|x64
		{CACC80E7-2FA4-46B8-BF5D-E912514470BC}.Release|x86.ActiveCfg = Release|x86
		{CACC80E7-2FA4-46B8-BF5D-E912514470BC}.Release|x86.Build.0 = Release|x86
	EndGlobalSection
	GlobalSection(SolutionProperties) = preSolution
		HideSolutionNode = FALSE
	EndGlobalSection
	GlobalSection(ExtensibilityGlobals) = postSolution
		SolutionGuid = {A2007FA7-59C2-4FE7-B2EB-383989946EDE}
	EndGlobalSection
EndGlobal
